{
  "originHash" : "ef260863b9dad0dfe7537ac449ba035935282e6b665e16800e2e4d78d9630ded",
  "pins" : [
    {
      "identity" : "realm-core",
      "kind" : "remoteSourceControl",
      "location" : "https://github.com/realm/realm-core",
      "state" : {
        "revision" : "cccb3ca9e26ec452a29f2f0d4050d1e38b8a3d43",
        "version" : "14.14.0"
      }
    },
    {
      "identity" : "realm-swift",
      "kind" : "remoteSourceControl",
      "location" : "https://github.com/realm/realm-swift.git",
      "state" : {
        "revision" : "d94d44781167fbb8d7a46fb181e784a6446ca5c1",
        "version" : "10.54.4"
      }
    }
  ],
  "version" : 3
}
